
Microsoft Visual Studio Solution File, Format Version 11.00
# Visual Studio 2010
Project("{FAE04EC0-301F-11D3-BF4B-00C04F79EFBC}") = "EFQMWeb", "EFQMWeb\EFQMWeb.csproj", "{400380BB-5465-4A09-AC49-CB58F31A16FC}"
EndProject
Project("{FAE04EC0-301F-11D3-BF4B-00C04F79EFBC}") = "EFQMWeb.Tests", "EFQMWeb.Tests\EFQMWeb.Tests.csproj", "{3AB78053-EDF4-4FEB-BB5E-C65124E4B8A4}"
EndProject
Project("{FAE04EC0-301F-11D3-BF4B-00C04F79EFBC}") = "Library.DataAccess", "Library.DataAccess\Library.DataAccess.csproj", "{B882F7DF-3A29-4961-BFFB-704A31395CDC}"
EndProject
Project("{FAE04EC0-301F-11D3-BF4B-00C04F79EFBC}") = "CodeGeneration", "CodeGeneration\CodeGeneration.csproj", "{7EE9ADDE-7B23-4A0C-9298-862F827BC4A0}"
EndProject
Project("{FAE04EC0-301F-11D3-BF4B-00C04F79EFBC}") = "MRI.Tools", "MRI.Tools\MRI.Tools.csproj", "{58B11362-2598-469F-8266-B36A64E9D309}"
EndProject
Global
	GlobalSection(SolutionConfigurationPlatforms) = preSolution
		Debug|Any CPU = Debug|Any CPU
		Release|Any CPU = Release|Any CPU
	EndGlobalSection
	GlobalSection(ProjectConfigurationPlatforms) = postSolution
		{400380BB-5465-4A09-AC49-CB58F31A16FC}.Debug|Any CPU.ActiveCfg = Debug|Any CPU
		{400380BB-5465-4A09-AC49-CB58F31A16FC}.Debug|Any CPU.Build.0 = Debug|Any CPU
		{400380BB-5465-4A09-AC49-CB58F31A16FC}.Release|Any CPU.ActiveCfg = Release|Any CPU
		{400380BB-5465-4A09-AC49-CB58F31A16FC}.Release|Any CPU.Build.0 = Release|Any CPU
		{3AB78053-EDF4-4FEB-BB5E-C65124E4B8A4}.Debug|Any CPU.ActiveCfg = Debug|Any CPU
		{3AB78053-EDF4-4FEB-BB5E-C65124E4B8A4}.Debug|Any CPU.Build.0 = Debug|Any CPU
		{3AB78053-EDF4-4FEB-BB5E-C65124E4B8A4}.Release|Any CPU.ActiveCfg = Release|Any CPU
		{3AB78053-EDF4-4FEB-BB5E-C65124E4B8A4}.Release|Any CPU.Build.0 = Release|Any CPU
		{B882F7DF-3A29-4961-BFFB-704A31395CDC}.Debug|Any CPU.ActiveCfg = Debug|Any CPU
		{B882F7DF-3A29-4961-BFFB-704A31395CDC}.Debug|Any CPU.Build.0 = Debug|Any CPU
		{B882F7DF-3A29-4961-BFFB-704A31395CDC}.Release|Any CPU.ActiveCfg = Release|Any CPU
		{B882F7DF-3A29-4961-BFFB-704A31395CDC}.Release|Any CPU.Build.0 = Release|Any CPU
		{7EE9ADDE-7B23-4A0C-9298-862F827BC4A0}.Debug|Any CPU.ActiveCfg = Debug|Any CPU
		{7EE9ADDE-7B23-4A0C-9298-862F827BC4A0}.Debug|Any CPU.Build.0 = Debug|Any CPU
		{7EE9ADDE-7B23-4A0C-9298-862F827BC4A0}.Release|Any CPU.ActiveCfg = Release|Any CPU
		{7EE9ADDE-7B23-4A0C-9298-862F827BC4A0}.Release|Any CPU.Build.0 = Release|Any CPU
		{58B11362-2598-469F-8266-B36A64E9D309}.Debug|Any CPU.ActiveCfg = Debug|Any CPU
		{58B11362-2598-469F-8266-B36A64E9D309}.Debug|Any CPU.Build.0 = Debug|Any CPU
		{58B11362-2598-469F-8266-B36A64E9D309}.Release|Any CPU.ActiveCfg = Release|Any CPU
		{58B11362-2598-469F-8266-B36A64E9D309}.Release|Any CPU.Build.0 = Release|Any CPU
	EndGlobalSection
	GlobalSection(SolutionProperties) = preSolution
		HideSolutionNode = FALSE
	EndGlobalSection
EndGlobal
